
Microsoft Visual Studio Solution File, Format Version 12.00
# Visual Studio Version 17
VisualStudioVersion = 17.3.32804.467
MinimumVisualStudioVersion = 10.0.40219.1
Project("{9A19103F-16F7-4668-BE54-9A1E7A4F7556}") = "WinFormsApp1", "WinFormsApp1\WinFormsApp1.csproj", "{A9B9D76F-6E46-478C-A964-23CBED728807}"
EndProject
Project("{FAE04EC0-301F-11D3-BF4B-00C04F79EFBC}") = "TransparentForms", "TransparentForms\TransparentForms.csproj", "{C572DA89-7546-4B21-8EBE-8C91F4D660F0}"
EndProject
Global
	GlobalSection(SolutionConfigurationPlatforms) = preSolution
		Debug|Any CPU = Debug|Any CPU
		Release|Any CPU = Release|Any CPU
	EndGlobalSection
	GlobalSection(ProjectConfigurationPlatforms) = postSolution
		{A9B9D76F-6E46-478C-A964-23CBED728807}.Debug|Any CPU.ActiveCfg = Debug|Any CPU
		{A9B9D76F-6E46-478C-A964-23CBED728807}.Debug|Any CPU.Build.0 = Debug|Any CPU
		{A9B9D76F-6E46-478C-A964-23CBED728807}.Release|Any CPU.ActiveCfg = Release|Any CPU
		{A9B9D76F-6E46-478C-A964-23CBED728807}.Release|Any CPU.Build.0 = Release|Any CPU
		{C572DA89-7546-4B21-8EBE-8C91F4D660F0}.Debug|Any CPU.ActiveCfg = Debug|Any CPU
		{C572DA89-7546-4B21-8EBE-8C91F4D660F0}.Debug|Any CPU.Build.0 = Debug|Any CPU
		{C572DA89-7546-4B21-8EBE-8C91F4D660F0}.Release|Any CPU.ActiveCfg = Release|Any CPU
		{C572DA89-7546-4B21-8EBE-8C91F4D660F0}.Release|Any CPU.Build.0 = Release|Any CPU
	EndGlobalSection
	GlobalSection(SolutionProperties) = preSolution
		HideSolutionNode = FALSE
	EndGlobalSection
	GlobalSection(ExtensibilityGlobals) = postSolution
		SolutionGuid = {2C666695-F06E-477F-8F0F-81DE6D1C9E47}
	EndGlobalSection
EndGlobal
